
Microsoft Visual Studio Solution File, Format Version 12.00
# Visual Studio 2012
Project("{FAE04EC0-301F-11D3-BF4B-00C04F79EFBC}") = "main", "main\main.csproj", "{BBA7CBE1-62ED-4C27-AA46-A99DB9F95302}"
EndProject
Global
	GlobalSection(SolutionConfigurationPlatforms) = preSolution
		Debug|Any CPU = Debug|Any CPU
		Release|Any CPU = Release|Any CPU
	EndGlobalSection
	GlobalSection(ProjectConfigurationPlatforms) = postSolution
		{BBA7CBE1-62ED-4C27-AA46-A99DB9F95302}.Debug|Any CPU.ActiveCfg = Debug|Any CPU
		{BBA7CBE1-62ED-4C27-AA46-A99DB9F95302}.Debug|Any CPU.Build.0 = Debug|Any CPU
		{BBA7CBE1-62ED-4C27-AA46-A99DB9F95302}.Release|Any CPU.ActiveCfg = Release|Any CPU
		{BBA7CBE1-62ED-4C27-AA46-A99DB9F95302}.Release|Any CPU.Build.0 = Release|Any CPU
	EndGlobalSection
	GlobalSection(SolutionProperties) = preSolution
		HideSolutionNode = FALSE
	EndGlobalSection
EndGlobal
